
Microsoft Visual Studio Solution File, Format Version 12.00
# Visual Studio Version 16
VisualStudioVersion = 16.0.31205.134
MinimumVisualStudioVersion = 10.0.40219.1
Project("{FAE04EC0-301F-11D3-BF4B-00C04F79EFBC}") = "hearthstone_ex", "hearthstone_ex.csproj", "{4E2738DE-66A8-444A-B159-EDCDC84F2E07}"
EndProject
Project("{2150E333-8FDC-42A3-9474-1A3956D46DE8}") = "Solution Items", "Solution Items", "{15723291-E58C-4A47-BA28-41BE1B16FB03}"
EndProject
Global
	GlobalSection(SolutionConfigurationPlatforms) = preSolution
		Debug|Any CPU = Debug|Any CPU
		Debug|x64 = Debug|x64
		Release|Any CPU = Release|Any CPU
		Release|x64 = Release|x64
	EndGlobalSection
	GlobalSection(ProjectConfigurationPlatforms) = postSolution
		{4E2738DE-66A8-444A-B159-EDCDC84F2E07}.Debug|Any CPU.ActiveCfg = Debug|Any CPU
		{4E2738DE-66A8-444A-B159-EDCDC84F2E07}.Debug|Any CPU.Build.0 = Debug|Any CPU
		{4E2738DE-66A8-444A-B159-EDCDC84F2E07}.Debug|x64.ActiveCfg = Debug|Any CPU
		{4E2738DE-66A8-444A-B159-EDCDC84F2E07}.Debug|x64.Build.0 = Debug|Any CPU
		{4E2738DE-66A8-444A-B159-EDCDC84F2E07}.Release|Any CPU.ActiveCfg = Release|Any CPU
		{4E2738DE-66A8-444A-B159-EDCDC84F2E07}.Release|Any CPU.Build.0 = Release|Any CPU
		{4E2738DE-66A8-444A-B159-EDCDC84F2E07}.Release|x64.ActiveCfg = Release|Any CPU
		{4E2738DE-66A8-444A-B159-EDCDC84F2E07}.Release|x64.Build.0 = Release|Any CPU
	EndGlobalSection
	GlobalSection(SolutionProperties) = preSolution
		HideSolutionNode = FALSE
	EndGlobalSection
	GlobalSection(ExtensibilityGlobals) = postSolution
		SolutionGuid = {6FFD2A95-44E2-40DB-B022-E7002715CE43}
	EndGlobalSection
EndGlobal
