
Microsoft Visual Studio Solution File, Format Version 12.00
# Visual Studio Version 17
VisualStudioVersion = 17.5.33516.290
MinimumVisualStudioVersion = 10.0.40219.1
Project("{2150E333-8FDC-42A3-9474-1A3956D46DE8}") = "Solution Items", "Solution Items", "{15723291-E58C-4A47-BA28-41BE1B16FB03}"
EndProject
Project("{9A19103F-16F7-4668-BE54-9A1E7A4F7556}") = "Installer", "Installer\Installer.csproj", "{49BCA737-E4F0-4C70-84DA-5501C543C66D}"
	ProjectSection(ProjectDependencies) = postProject
		{4E2738DE-66A8-444A-B159-EDCDC84F2E07} = {4E2738DE-66A8-444A-B159-EDCDC84F2E07}
	EndProjectSection
EndProject
Project("{FAE04EC0-301F-11D3-BF4B-00C04F79EFBC}") = "Lib", "Lib\Lib.csproj", "{4E2738DE-66A8-444A-B159-EDCDC84F2E07}"
EndProject
Global
	GlobalSection(SolutionConfigurationPlatforms) = preSolution
		Debug|Any CPU = Debug|Any CPU
		Debug|x64 = Debug|x64
		Debug|x86 = Debug|x86
		Release|Any CPU = Release|Any CPU
		Release|x64 = Release|x64
		Release|x86 = Release|x86
	EndGlobalSection
	GlobalSection(ProjectConfigurationPlatforms) = postSolution
		{49BCA737-E4F0-4C70-84DA-5501C543C66D}.Debug|Any CPU.ActiveCfg = Debug|Any CPU
		{49BCA737-E4F0-4C70-84DA-5501C543C66D}.Debug|Any CPU.Build.0 = Debug|Any CPU
		{49BCA737-E4F0-4C70-84DA-5501C543C66D}.Debug|x64.ActiveCfg = Debug|Any CPU
		{49BCA737-E4F0-4C70-84DA-5501C543C66D}.Debug|x64.Build.0 = Debug|Any CPU
		{49BCA737-E4F0-4C70-84DA-5501C543C66D}.Debug|x86.ActiveCfg = Debug|x86
		{49BCA737-E4F0-4C70-84DA-5501C543C66D}.Debug|x86.Build.0 = Debug|x86
		{49BCA737-E4F0-4C70-84DA-5501C543C66D}.Release|Any CPU.ActiveCfg = Release|Any CPU
		{49BCA737-E4F0-4C70-84DA-5501C543C66D}.Release|Any CPU.Build.0 = Release|Any CPU
		{49BCA737-E4F0-4C70-84DA-5501C543C66D}.Release|x64.ActiveCfg = Release|Any CPU
		{49BCA737-E4F0-4C70-84DA-5501C543C66D}.Release|x64.Build.0 = Release|Any CPU
		{49BCA737-E4F0-4C70-84DA-5501C543C66D}.Release|x86.ActiveCfg = Release|x86
		{49BCA737-E4F0-4C70-84DA-5501C543C66D}.Release|x86.Build.0 = Release|x86
		{4E2738DE-66A8-444A-B159-EDCDC84F2E07}.Debug|Any CPU.ActiveCfg = Debug|Any CPU
		{4E2738DE-66A8-444A-B159-EDCDC84F2E07}.Debug|Any CPU.Build.0 = Debug|Any CPU
		{4E2738DE-66A8-444A-B159-EDCDC84F2E07}.Debug|x64.ActiveCfg = Debug|Any CPU
		{4E2738DE-66A8-444A-B159-EDCDC84F2E07}.Debug|x64.Build.0 = Debug|Any CPU
		{4E2738DE-66A8-444A-B159-EDCDC84F2E07}.Debug|x86.ActiveCfg = Debug|x86
		{4E2738DE-66A8-444A-B159-EDCDC84F2E07}.Debug|x86.Build.0 = Debug|x86
		{4E2738DE-66A8-444A-B159-EDCDC84F2E07}.Release|Any CPU.ActiveCfg = Release|Any CPU
		{4E2738DE-66A8-444A-B159-EDCDC84F2E07}.Release|Any CPU.Build.0 = Release|Any CPU
		{4E2738DE-66A8-444A-B159-EDCDC84F2E07}.Release|x64.ActiveCfg = Release|Any CPU
		{4E2738DE-66A8-444A-B159-EDCDC84F2E07}.Release|x64.Build.0 = Release|Any CPU
		{4E2738DE-66A8-444A-B159-EDCDC84F2E07}.Release|x86.ActiveCfg = Release|x86
		{4E2738DE-66A8-444A-B159-EDCDC84F2E07}.Release|x86.Build.0 = Release|x86
	EndGlobalSection
	GlobalSection(SolutionProperties) = preSolution
		HideSolutionNode = FALSE
	EndGlobalSection
	GlobalSection(ExtensibilityGlobals) = postSolution
		SolutionGuid = {6FFD2A95-44E2-40DB-B022-E7002715CE43}
	EndGlobalSection
EndGlobal
